{
    "version": 3,
    "terraform_version": "0.11.13",
    "serial": 38,
    "lineage": "e5220112-ea38-fc40-50f1-23b66b3b5860",
    "modules": [
        {
            "path": [
                "root"
            ],
            "outputs": {
                "addresses": {
                    "sensitive": false,
                    "type": "list",
                    "value": [
                        "3.91.149.121",
                        "3.93.79.55"
                    ]
                },
                "elb_address": {
                    "sensitive": false,
                    "type": "string",
                    "value": "web-elb-1914234781.us-east-1.elb.amazonaws.com"
                },
                "public_subnet_id": {
                    "sensitive": false,
                    "type": "string",
                    "value": "subnet-064cd161566a19b71"
                }
            },
            "resources": {
                "aws_elb.base": {
                    "type": "aws_elb",
                    "depends_on": [
                        "aws_instance.base.*",
                        "module.vpc"
                    ],
                    "primary": {
                        "id": "web-elb",
                        "attributes": {
                            "access_logs.#": "0",
                            "arn": "arn:aws:elasticloadbalancing:us-east-1:168472754465:loadbalancer/web-elb",
                            "availability_zones.#": "1",
                            "availability_zones.986537655": "us-east-1c",
                            "connection_draining": "false",
                            "connection_draining_timeout": "300",
                            "cross_zone_load_balancing": "true",
                            "dns_name": "web-elb-1914234781.us-east-1.elb.amazonaws.com",
                            "health_check.#": "1",
                            "health_check.0.healthy_threshold": "10",
                            "health_check.0.interval": "30",
                            "health_check.0.target": "TCP:80",
                            "health_check.0.timeout": "5",
                            "health_check.0.unhealthy_threshold": "2",
                            "id": "web-elb",
                            "idle_timeout": "60",
                            "instances.#": "2",
                            "instances.3265661794": "i-011364b4ed4b77d46",
                            "instances.863240721": "i-08a3cb28a5b835e43",
                            "internal": "false",
                            "listener.#": "1",
                            "listener.3057123346.instance_port": "80",
                            "listener.3057123346.instance_protocol": "http",
                            "listener.3057123346.lb_port": "80",
                            "listener.3057123346.lb_protocol": "http",
                            "listener.3057123346.ssl_certificate_id": "",
                            "name": "web-elb",
                            "security_groups.#": "1",
                            "security_groups.2501872947": "sg-02ac289c7725f7282",
                            "source_security_group": "168472754465/terraform-20190617160808738900000002",
                            "source_security_group_id": "sg-02ac289c7725f7282",
                            "subnets.#": "1",
                            "subnets.3115149022": "subnet-064cd161566a19b71",
                            "tags.%": "0",
                            "zone_id": "Z35SXDOTRQ7X7K"
                        },
                        "meta": {},
                        "tainted": false
                    },
                    "deposed": [],
                    "provider": "provider.aws"
                },
                "aws_instance.base.0": {
                    "type": "aws_instance",
                    "depends_on": [
                        "data.template_file.index.*",
                        "module.vpc"
                    ],
                    "primary": {
                        "id": "i-011364b4ed4b77d46",
                        "attributes": {
                            "ami": "ami-0d729a60",
                            "arn": "arn:aws:ec2:us-east-1:168472754465:instance/i-011364b4ed4b77d46",
                            "associate_public_ip_address": "true",
                            "availability_zone": "us-east-1c",
                            "cpu_core_count": "1",
                            "cpu_threads_per_core": "1",
                            "credit_specification.#": "1",
                            "credit_specification.0.cpu_credits": "standard",
                            "disable_api_termination": "false",
                            "ebs_block_device.#": "0",
                            "ebs_optimized": "false",
                            "ephemeral_block_device.#": "0",
                            "get_password_data": "false",
                            "iam_instance_profile": "",
                            "id": "i-011364b4ed4b77d46",
                            "instance_state": "running",
                            "instance_type": "t2.micro",
                            "ipv6_address_count": "0",
                            "ipv6_addresses.#": "0",
                            "key_name": "myKeyPair",
                            "monitoring": "false",
                            "network_interface.#": "0",
                            "password_data": "",
                            "placement_group": "",
                            "primary_network_interface_id": "eni-0d684123b9a652a05",
                            "private_dns": "ip-10-0-1-93.ec2.internal",
                            "private_ip": "10.0.1.93",
                            "public_dns": "ec2-3-91-149-121.compute-1.amazonaws.com",
                            "public_ip": "3.91.149.121",
                            "root_block_device.#": "1",
                            "root_block_device.0.delete_on_termination": "true",
                            "root_block_device.0.iops": "0",
                            "root_block_device.0.volume_id": "vol-05c88fa9d14cb6495",
                            "root_block_device.0.volume_size": "8",
                            "root_block_device.0.volume_type": "standard",
                            "security_groups.#": "0",
                            "source_dest_check": "true",
                            "subnet_id": "subnet-064cd161566a19b71",
                            "tags.%": "1",
                            "tags.Name": "web-000",
                            "tenancy": "default",
                            "volume_tags.%": "0",
                            "vpc_security_group_ids.#": "1",
                            "vpc_security_group_ids.2910329903": "sg-00d13d29c746904f0"
                        },
                        "meta": {
                            "e2bfb730-ecaa-11e6-8f88-34363bc7c4c0": {
                                "create": 600000000000,
                                "delete": 1200000000000,
                                "update": 600000000000
                            },
                            "schema_version": "1"
                        },
                        "tainted": false
                    },
                    "deposed": [],
                    "provider": "provider.aws"
                },
                "aws_instance.base.1": {
                    "type": "aws_instance",
                    "depends_on": [
                        "data.template_file.index.*",
                        "module.vpc"
                    ],
                    "primary": {
                        "id": "i-08a3cb28a5b835e43",
                        "attributes": {
                            "ami": "ami-0d729a60",
                            "arn": "arn:aws:ec2:us-east-1:168472754465:instance/i-08a3cb28a5b835e43",
                            "associate_public_ip_address": "true",
                            "availability_zone": "us-east-1c",
                            "cpu_core_count": "1",
                            "cpu_threads_per_core": "1",
                            "credit_specification.#": "1",
                            "credit_specification.0.cpu_credits": "standard",
                            "disable_api_termination": "false",
                            "ebs_block_device.#": "0",
                            "ebs_optimized": "false",
                            "ephemeral_block_device.#": "0",
                            "get_password_data": "false",
                            "iam_instance_profile": "",
                            "id": "i-08a3cb28a5b835e43",
                            "instance_state": "running",
                            "instance_type": "t2.micro",
                            "ipv6_address_count": "0",
                            "ipv6_addresses.#": "0",
                            "key_name": "myKeyPair",
                            "monitoring": "false",
                            "network_interface.#": "0",
                            "password_data": "",
                            "placement_group": "",
                            "primary_network_interface_id": "eni-081ba9be5c7f26c50",
                            "private_dns": "ip-10-0-1-174.ec2.internal",
                            "private_ip": "10.0.1.174",
                            "public_dns": "ec2-3-93-79-55.compute-1.amazonaws.com",
                            "public_ip": "3.93.79.55",
                            "root_block_device.#": "1",
                            "root_block_device.0.delete_on_termination": "true",
                            "root_block_device.0.iops": "0",
                            "root_block_device.0.volume_id": "vol-0f35af11e462ce397",
                            "root_block_device.0.volume_size": "8",
                            "root_block_device.0.volume_type": "standard",
                            "security_groups.#": "0",
                            "source_dest_check": "true",
                            "subnet_id": "subnet-064cd161566a19b71",
                            "tags.%": "1",
                            "tags.Name": "web-001",
                            "tenancy": "default",
                            "volume_tags.%": "0",
                            "vpc_security_group_ids.#": "1",
                            "vpc_security_group_ids.2910329903": "sg-00d13d29c746904f0"
                        },
                        "meta": {
                            "e2bfb730-ecaa-11e6-8f88-34363bc7c4c0": {
                                "create": 600000000000,
                                "delete": 1200000000000,
                                "update": 600000000000
                            },
                            "schema_version": "1"
                        },
                        "tainted": false
                    },
                    "deposed": [],
                    "provider": "provider.aws"
                },
                "data.template_file.index.0": {
                    "type": "template_file",
                    "depends_on": [],
                    "primary": {
                        "id": "38d61e75ce0c21cced069baf010f074dc307b6b8b5832cb1d7ee1f5960b54d38",
                        "attributes": {
                            "id": "38d61e75ce0c21cced069baf010f074dc307b6b8b5832cb1d7ee1f5960b54d38",
                            "rendered": "\u003chtml\u003e\n  \u003chead\u003e\n    \u003ctitle\u003eHostname - web-001\u003c/title\u003e\n  \u003c/head\u003e\n  \u003cbody\u003e\n    \u003ch1\u003eExample of a web service running with Terraform on web-001\u003c/h1\u003e\n  \u003c/body\u003e\n\u003c/html\u003e\n",
                            "template": "\u003chtml\u003e\n  \u003chead\u003e\n    \u003ctitle\u003eHostname - ${hostname}\u003c/title\u003e\n  \u003c/head\u003e\n  \u003cbody\u003e\n    \u003ch1\u003eExample of a web service running with Terraform on ${hostname}\u003c/h1\u003e\n  \u003c/body\u003e\n\u003c/html\u003e\n",
                            "vars.%": "1",
                            "vars.hostname": "web-001"
                        },
                        "meta": {},
                        "tainted": false
                    },
                    "deposed": [],
                    "provider": "provider.template"
                },
                "data.template_file.index.1": {
                    "type": "template_file",
                    "depends_on": [],
                    "primary": {
                        "id": "1a97412351a8c229b867280661c91808bb2b681f58e7aedd5d1746248a4a1d1c",
                        "attributes": {
                            "id": "1a97412351a8c229b867280661c91808bb2b681f58e7aedd5d1746248a4a1d1c",
                            "rendered": "\u003chtml\u003e\n  \u003chead\u003e\n    \u003ctitle\u003eHostname - web-002\u003c/title\u003e\n  \u003c/head\u003e\n  \u003cbody\u003e\n    \u003ch1\u003eExample of a web service running with Terraform on web-002\u003c/h1\u003e\n  \u003c/body\u003e\n\u003c/html\u003e\n",
                            "template": "\u003chtml\u003e\n  \u003chead\u003e\n    \u003ctitle\u003eHostname - ${hostname}\u003c/title\u003e\n  \u003c/head\u003e\n  \u003cbody\u003e\n    \u003ch1\u003eExample of a web service running with Terraform on ${hostname}\u003c/h1\u003e\n  \u003c/body\u003e\n\u003c/html\u003e\n",
                            "vars.%": "1",
                            "vars.hostname": "web-002"
                        },
                        "meta": {},
                        "tainted": false
                    },
                    "deposed": [],
                    "provider": "provider.template"
                }
            },
            "depends_on": []
        },
        {
            "path": [
                "root",
                "vpc"
            ],
            "outputs": {
                "cidr": {
                    "sensitive": false,
                    "type": "string",
                    "value": "10.0.0.0/16"
                },
                "public_subnet_id": {
                    "sensitive": false,
                    "type": "string",
                    "value": "subnet-064cd161566a19b71"
                },
                "security_group_instances": {
                    "sensitive": false,
                    "type": "string",
                    "value": "sg-00d13d29c746904f0"
                },
                "security_group_lb": {
                    "sensitive": false,
                    "type": "string",
                    "value": "sg-02ac289c7725f7282"
                },
                "vpc_id": {
                    "sensitive": false,
                    "type": "string",
                    "value": "vpc-02e1a558ef5cd2632"
                }
            },
            "resources": {
                "aws_internet_gateway.tfb": {
                    "type": "aws_internet_gateway",
                    "depends_on": [
                        "aws_vpc.tfb"
                    ],
                    "primary": {
                        "id": "igw-0d375997e983c9f57",
                        "attributes": {
                            "id": "igw-0d375997e983c9f57",
                            "owner_id": "168472754465",
                            "tags.%": "1",
                            "tags.Name": "web-igw",
                            "vpc_id": "vpc-02e1a558ef5cd2632"
                        },
                        "meta": {},
                        "tainted": false
                    },
                    "deposed": [],
                    "provider": "provider.aws.nvirginia1"
                },
                "aws_route.internet_access": {
                    "type": "aws_route",
                    "depends_on": [
                        "aws_internet_gateway.tfb",
                        "aws_vpc.tfb"
                    ],
                    "primary": {
                        "id": "r-rtb-024bf54af3954a0631080289494",
                        "attributes": {
                            "destination_cidr_block": "0.0.0.0/0",
                            "destination_prefix_list_id": "",
                            "egress_only_gateway_id": "",
                            "gateway_id": "igw-0d375997e983c9f57",
                            "id": "r-rtb-024bf54af3954a0631080289494",
                            "instance_id": "",
                            "instance_owner_id": "",
                            "nat_gateway_id": "",
                            "network_interface_id": "",
                            "origin": "CreateRoute",
                            "route_table_id": "rtb-024bf54af3954a063",
                            "state": "active",
                            "transit_gateway_id": "",
                            "vpc_peering_connection_id": ""
                        },
                        "meta": {
                            "e2bfb730-ecaa-11e6-8f88-34363bc7c4c0": {
                                "create": 120000000000,
                                "delete": 300000000000
                            }
                        },
                        "tainted": false
                    },
                    "deposed": [],
                    "provider": "provider.aws.nvirginia1"
                },
                "aws_security_group.instances": {
                    "type": "aws_security_group",
                    "depends_on": [
                        "aws_vpc.tfb"
                    ],
                    "primary": {
                        "id": "sg-00d13d29c746904f0",
                        "attributes": {
                            "arn": "arn:aws:ec2:us-east-1:168472754465:security-group/sg-00d13d29c746904f0",
                            "description": "Allow SSH and HTTP to instances",
                            "egress.#": "1",
                            "egress.482069346.cidr_blocks.#": "1",
                            "egress.482069346.cidr_blocks.0": "0.0.0.0/0",
                            "egress.482069346.description": "",
                            "egress.482069346.from_port": "0",
                            "egress.482069346.ipv6_cidr_blocks.#": "0",
                            "egress.482069346.prefix_list_ids.#": "0",
                            "egress.482069346.protocol": "-1",
                            "egress.482069346.security_groups.#": "0",
                            "egress.482069346.self": "false",
                            "egress.482069346.to_port": "0",
                            "id": "sg-00d13d29c746904f0",
                            "ingress.#": "3",
                            "ingress.2165049311.cidr_blocks.#": "1",
                            "ingress.2165049311.cidr_blocks.0": "10.0.0.0/16",
                            "ingress.2165049311.description": "",
                            "ingress.2165049311.from_port": "80",
                            "ingress.2165049311.ipv6_cidr_blocks.#": "0",
                            "ingress.2165049311.prefix_list_ids.#": "0",
                            "ingress.2165049311.protocol": "tcp",
                            "ingress.2165049311.security_groups.#": "0",
                            "ingress.2165049311.self": "false",
                            "ingress.2165049311.to_port": "80",
                            "ingress.2843856987.cidr_blocks.#": "1",
                            "ingress.2843856987.cidr_blocks.0": "93.144.98.200/32",
                            "ingress.2843856987.description": "",
                            "ingress.2843856987.from_port": "80",
                            "ingress.2843856987.ipv6_cidr_blocks.#": "0",
                            "ingress.2843856987.prefix_list_ids.#": "0",
                            "ingress.2843856987.protocol": "tcp",
                            "ingress.2843856987.security_groups.#": "0",
                            "ingress.2843856987.self": "false",
                            "ingress.2843856987.to_port": "80",
                            "ingress.385619752.cidr_blocks.#": "1",
                            "ingress.385619752.cidr_blocks.0": "93.144.98.200/32",
                            "ingress.385619752.description": "",
                            "ingress.385619752.from_port": "22",
                            "ingress.385619752.ipv6_cidr_blocks.#": "0",
                            "ingress.385619752.prefix_list_ids.#": "0",
                            "ingress.385619752.protocol": "tcp",
                            "ingress.385619752.security_groups.#": "0",
                            "ingress.385619752.self": "false",
                            "ingress.385619752.to_port": "22",
                            "name": "terraform-20190617160808736800000001",
                            "owner_id": "168472754465",
                            "revoke_rules_on_delete": "false",
                            "tags.%": "0",
                            "vpc_id": "vpc-02e1a558ef5cd2632"
                        },
                        "meta": {
                            "e2bfb730-ecaa-11e6-8f88-34363bc7c4c0": {
                                "create": 600000000000,
                                "delete": 600000000000
                            },
                            "schema_version": "1"
                        },
                        "tainted": false
                    },
                    "deposed": [],
                    "provider": "provider.aws.nvirginia1"
                },
                "aws_security_group.lb": {
                    "type": "aws_security_group",
                    "depends_on": [
                        "aws_vpc.tfb"
                    ],
                    "primary": {
                        "id": "sg-02ac289c7725f7282",
                        "attributes": {
                            "arn": "arn:aws:ec2:us-east-1:168472754465:security-group/sg-02ac289c7725f7282",
                            "description": "Allow SSH and HTTP to web hosts",
                            "egress.#": "1",
                            "egress.482069346.cidr_blocks.#": "1",
                            "egress.482069346.cidr_blocks.0": "0.0.0.0/0",
                            "egress.482069346.description": "",
                            "egress.482069346.from_port": "0",
                            "egress.482069346.ipv6_cidr_blocks.#": "0",
                            "egress.482069346.prefix_list_ids.#": "0",
                            "egress.482069346.protocol": "-1",
                            "egress.482069346.security_groups.#": "0",
                            "egress.482069346.self": "false",
                            "egress.482069346.to_port": "0",
                            "id": "sg-02ac289c7725f7282",
                            "ingress.#": "2",
                            "ingress.2843856987.cidr_blocks.#": "1",
                            "ingress.2843856987.cidr_blocks.0": "93.144.98.200/32",
                            "ingress.2843856987.description": "",
                            "ingress.2843856987.from_port": "80",
                            "ingress.2843856987.ipv6_cidr_blocks.#": "0",
                            "ingress.2843856987.prefix_list_ids.#": "0",
                            "ingress.2843856987.protocol": "tcp",
                            "ingress.2843856987.security_groups.#": "0",
                            "ingress.2843856987.self": "false",
                            "ingress.2843856987.to_port": "80",
                            "ingress.385619752.cidr_blocks.#": "1",
                            "ingress.385619752.cidr_blocks.0": "93.144.98.200/32",
                            "ingress.385619752.description": "",
                            "ingress.385619752.from_port": "22",
                            "ingress.385619752.ipv6_cidr_blocks.#": "0",
                            "ingress.385619752.prefix_list_ids.#": "0",
                            "ingress.385619752.protocol": "tcp",
                            "ingress.385619752.security_groups.#": "0",
                            "ingress.385619752.self": "false",
                            "ingress.385619752.to_port": "22",
                            "name": "terraform-20190617160808738900000002",
                            "owner_id": "168472754465",
                            "revoke_rules_on_delete": "false",
                            "tags.%": "0",
                            "vpc_id": "vpc-02e1a558ef5cd2632"
                        },
                        "meta": {
                            "e2bfb730-ecaa-11e6-8f88-34363bc7c4c0": {
                                "create": 600000000000,
                                "delete": 600000000000
                            },
                            "schema_version": "1"
                        },
                        "tainted": false
                    },
                    "deposed": [],
                    "provider": "provider.aws.nvirginia1"
                },
                "aws_subnet.public": {
                    "type": "aws_subnet",
                    "depends_on": [
                        "aws_vpc.tfb"
                    ],
                    "primary": {
                        "id": "subnet-064cd161566a19b71",
                        "attributes": {
                            "arn": "arn:aws:ec2:us-east-1:168472754465:subnet/subnet-064cd161566a19b71",
                            "assign_ipv6_address_on_creation": "false",
                            "availability_zone": "us-east-1c",
                            "availability_zone_id": "use1-az2",
                            "cidr_block": "10.0.1.0/24",
                            "id": "subnet-064cd161566a19b71",
                            "ipv6_cidr_block": "",
                            "ipv6_cidr_block_association_id": "",
                            "map_public_ip_on_launch": "false",
                            "owner_id": "168472754465",
                            "tags.%": "1",
                            "tags.Name": "web-public",
                            "vpc_id": "vpc-02e1a558ef5cd2632"
                        },
                        "meta": {
                            "e2bfb730-ecaa-11e6-8f88-34363bc7c4c0": {
                                "create": 600000000000,
                                "delete": 1200000000000
                            },
                            "schema_version": "1"
                        },
                        "tainted": false
                    },
                    "deposed": [],
                    "provider": "provider.aws.nvirginia1"
                },
                "aws_vpc.tfb": {
                    "type": "aws_vpc",
                    "depends_on": [],
                    "primary": {
                        "id": "vpc-02e1a558ef5cd2632",
                        "attributes": {
                            "arn": "arn:aws:ec2:us-east-1:168472754465:vpc/vpc-02e1a558ef5cd2632",
                            "assign_generated_ipv6_cidr_block": "false",
                            "cidr_block": "10.0.0.0/16",
                            "default_network_acl_id": "acl-0066f14f7ea9e9489",
                            "default_route_table_id": "rtb-024bf54af3954a063",
                            "default_security_group_id": "sg-063f50f900e04b310",
                            "dhcp_options_id": "dopt-181c8b63",
                            "enable_classiclink": "false",
                            "enable_classiclink_dns_support": "false",
                            "enable_dns_hostnames": "true",
                            "enable_dns_support": "true",
                            "id": "vpc-02e1a558ef5cd2632",
                            "instance_tenancy": "default",
                            "ipv6_association_id": "",
                            "ipv6_cidr_block": "",
                            "main_route_table_id": "rtb-024bf54af3954a063",
                            "owner_id": "168472754465",
                            "tags.%": "1",
                            "tags.Name": "web"
                        },
                        "meta": {
                            "schema_version": "1"
                        },
                        "tainted": false
                    },
                    "deposed": [],
                    "provider": "provider.aws.nvirginia1"
                }
            },
            "depends_on": []
        }
    ]
}
